
Microsoft Visual Studio Solution File, Format Version 12.00
Project("{FAE04EC0-301F-11D3-BF4B-00C04F79EFBC}") = "Visual Programing", "Visual Programing\Visual Programing.csproj", "{AE1456AC-D370-4C5A-81D6-18E034C2A493}"
EndProject
Project("{FAE04EC0-301F-11D3-BF4B-00C04F79EFBC}") = "Lab Assignment 1", "Lab Assignment 1\Lab Assignment 1.csproj", "{AD70048D-C256-4FC8-AA1F-7CDA65C0DA23}"
EndProject
Project("{FAE04EC0-301F-11D3-BF4B-00C04F79EFBC}") = "Lab 1", "Lab 1\Lab 1.csproj", "{1B90738F-1A9A-4A97-AE2B-825DA2B15119}"
EndProject
Project("{FAE04EC0-301F-11D3-BF4B-00C04F79EFBC}") = "Lab 2", "Lab 2\Lab 2.csproj", "{29E5803B-DCD9-44EE-A1F9-51B40342EC96}"
EndProject
Project("{FAE04EC0-301F-11D3-BF4B-00C04F79EFBC}") = "Quiz 2", "Quiz 2\Quiz 2.csproj", "{49857B0E-91F0-4647-8BDA-4D99DE6CF2D3}"
EndProject
Project("{FAE04EC0-301F-11D3-BF4B-00C04F79EFBC}") = "Lab 3", "Lab 3\Lab 3.csproj", "{DEA1F9C3-60F0-408D-B492-C36DDA3D9D93}"
EndProject
Project("{FAE04EC0-301F-11D3-BF4B-00C04F79EFBC}") = "Lab 4", "Lab 4\Lab 4.csproj", "{E87571F9-A929-4CCB-B88B-E203908D12A7}"
EndProject
Project("{FAE04EC0-301F-11D3-BF4B-00C04F79EFBC}") = "Class Assignment 2", "Class Assignment 2\Class Assignment 2.csproj", "{8F1C72E5-569C-485C-B4F7-ABC2F35B4F54}"
EndProject
Project("{FAE04EC0-301F-11D3-BF4B-00C04F79EFBC}") = "Lab Assignment 2", "Lab Assignment 2\Lab Assignment 2.csproj", "{F85E9A56-E567-45CE-BFF4-31A5D3F82533}"
EndProject
Project("{FAE04EC0-301F-11D3-BF4B-00C04F79EFBC}") = "Lab 5", "Lab 5\Lab 5.csproj", "{E619994D-7E66-441B-B350-CB7B969829F0}"
EndProject
Project("{FAE04EC0-301F-11D3-BF4B-00C04F79EFBC}") = "WPFPractice", "WPFPractice\WPFPractice.csproj", "{7E1F2980-327B-4C81-92BA-E4170D18DAA2}"
EndProject
Project("{FAE04EC0-301F-11D3-BF4B-00C04F79EFBC}") = "Exam", "Exam\Exam.csproj", "{A76FD1A0-4B2E-476E-AD16-220C9A2E4A2D}"
EndProject
Global
	GlobalSection(SolutionConfigurationPlatforms) = preSolution
		Debug|Any CPU = Debug|Any CPU
		Release|Any CPU = Release|Any CPU
	EndGlobalSection
	GlobalSection(ProjectConfigurationPlatforms) = postSolution
		{AE1456AC-D370-4C5A-81D6-18E034C2A493}.Debug|Any CPU.ActiveCfg = Debug|Any CPU
		{AE1456AC-D370-4C5A-81D6-18E034C2A493}.Debug|Any CPU.Build.0 = Debug|Any CPU
		{AE1456AC-D370-4C5A-81D6-18E034C2A493}.Release|Any CPU.ActiveCfg = Release|Any CPU
		{AE1456AC-D370-4C5A-81D6-18E034C2A493}.Release|Any CPU.Build.0 = Release|Any CPU
		{AD70048D-C256-4FC8-AA1F-7CDA65C0DA23}.Debug|Any CPU.ActiveCfg = Debug|Any CPU
		{AD70048D-C256-4FC8-AA1F-7CDA65C0DA23}.Debug|Any CPU.Build.0 = Debug|Any CPU
		{AD70048D-C256-4FC8-AA1F-7CDA65C0DA23}.Release|Any CPU.ActiveCfg = Release|Any CPU
		{AD70048D-C256-4FC8-AA1F-7CDA65C0DA23}.Release|Any CPU.Build.0 = Release|Any CPU
		{1B90738F-1A9A-4A97-AE2B-825DA2B15119}.Debug|Any CPU.ActiveCfg = Debug|Any CPU
		{1B90738F-1A9A-4A97-AE2B-825DA2B15119}.Debug|Any CPU.Build.0 = Debug|Any CPU
		{1B90738F-1A9A-4A97-AE2B-825DA2B15119}.Release|Any CPU.ActiveCfg = Release|Any CPU
		{1B90738F-1A9A-4A97-AE2B-825DA2B15119}.Release|Any CPU.Build.0 = Release|Any CPU
		{29E5803B-DCD9-44EE-A1F9-51B40342EC96}.Debug|Any CPU.ActiveCfg = Debug|Any CPU
		{29E5803B-DCD9-44EE-A1F9-51B40342EC96}.Debug|Any CPU.Build.0 = Debug|Any CPU
		{29E5803B-DCD9-44EE-A1F9-51B40342EC96}.Release|Any CPU.ActiveCfg = Release|Any CPU
		{29E5803B-DCD9-44EE-A1F9-51B40342EC96}.Release|Any CPU.Build.0 = Release|Any CPU
		{49857B0E-91F0-4647-8BDA-4D99DE6CF2D3}.Debug|Any CPU.ActiveCfg = Debug|Any CPU
		{49857B0E-91F0-4647-8BDA-4D99DE6CF2D3}.Debug|Any CPU.Build.0 = Debug|Any CPU
		{49857B0E-91F0-4647-8BDA-4D99DE6CF2D3}.Release|Any CPU.ActiveCfg = Release|Any CPU
		{49857B0E-91F0-4647-8BDA-4D99DE6CF2D3}.Release|Any CPU.Build.0 = Release|Any CPU
		{DEA1F9C3-60F0-408D-B492-C36DDA3D9D93}.Debug|Any CPU.ActiveCfg = Debug|Any CPU
		{DEA1F9C3-60F0-408D-B492-C36DDA3D9D93}.Debug|Any CPU.Build.0 = Debug|Any CPU
		{DEA1F9C3-60F0-408D-B492-C36DDA3D9D93}.Release|Any CPU.ActiveCfg = Release|Any CPU
		{DEA1F9C3-60F0-408D-B492-C36DDA3D9D93}.Release|Any CPU.Build.0 = Release|Any CPU
		{E87571F9-A929-4CCB-B88B-E203908D12A7}.Debug|Any CPU.ActiveCfg = Debug|Any CPU
		{E87571F9-A929-4CCB-B88B-E203908D12A7}.Debug|Any CPU.Build.0 = Debug|Any CPU
		{E87571F9-A929-4CCB-B88B-E203908D12A7}.Release|Any CPU.ActiveCfg = Release|Any CPU
		{E87571F9-A929-4CCB-B88B-E203908D12A7}.Release|Any CPU.Build.0 = Release|Any CPU
		{8F1C72E5-569C-485C-B4F7-ABC2F35B4F54}.Debug|Any CPU.ActiveCfg = Debug|Any CPU
		{8F1C72E5-569C-485C-B4F7-ABC2F35B4F54}.Debug|Any CPU.Build.0 = Debug|Any CPU
		{8F1C72E5-569C-485C-B4F7-ABC2F35B4F54}.Release|Any CPU.ActiveCfg = Release|Any CPU
		{8F1C72E5-569C-485C-B4F7-ABC2F35B4F54}.Release|Any CPU.Build.0 = Release|Any CPU
		{F85E9A56-E567-45CE-BFF4-31A5D3F82533}.Debug|Any CPU.ActiveCfg = Debug|Any CPU
		{F85E9A56-E567-45CE-BFF4-31A5D3F82533}.Debug|Any CPU.Build.0 = Debug|Any CPU
		{F85E9A56-E567-45CE-BFF4-31A5D3F82533}.Release|Any CPU.ActiveCfg = Release|Any CPU
		{F85E9A56-E567-45CE-BFF4-31A5D3F82533}.Release|Any CPU.Build.0 = Release|Any CPU
		{E619994D-7E66-441B-B350-CB7B969829F0}.Debug|Any CPU.ActiveCfg = Debug|Any CPU
		{E619994D-7E66-441B-B350-CB7B969829F0}.Debug|Any CPU.Build.0 = Debug|Any CPU
		{E619994D-7E66-441B-B350-CB7B969829F0}.Release|Any CPU.ActiveCfg = Release|Any CPU
		{E619994D-7E66-441B-B350-CB7B969829F0}.Release|Any CPU.Build.0 = Release|Any CPU
		{7E1F2980-327B-4C81-92BA-E4170D18DAA2}.Debug|Any CPU.ActiveCfg = Debug|Any CPU
		{7E1F2980-327B-4C81-92BA-E4170D18DAA2}.Debug|Any CPU.Build.0 = Debug|Any CPU
		{7E1F2980-327B-4C81-92BA-E4170D18DAA2}.Release|Any CPU.ActiveCfg = Release|Any CPU
		{7E1F2980-327B-4C81-92BA-E4170D18DAA2}.Release|Any CPU.Build.0 = Release|Any CPU
		{A76FD1A0-4B2E-476E-AD16-220C9A2E4A2D}.Debug|Any CPU.ActiveCfg = Debug|Any CPU
		{A76FD1A0-4B2E-476E-AD16-220C9A2E4A2D}.Debug|Any CPU.Build.0 = Debug|Any CPU
		{A76FD1A0-4B2E-476E-AD16-220C9A2E4A2D}.Release|Any CPU.ActiveCfg = Release|Any CPU
		{A76FD1A0-4B2E-476E-AD16-220C9A2E4A2D}.Release|Any CPU.Build.0 = Release|Any CPU
	EndGlobalSection
EndGlobal
